
Microsoft Visual Studio Solution File, Format Version 12.00
# Visual Studio Version 17
VisualStudioVersion = 17.4.33213.308
MinimumVisualStudioVersion = 10.0.40219.1
Project("{FAE04EC0-301F-11D3-BF4B-00C04F79EFBC}") = "LessonClass", "LessonClass\LessonClass.csproj", "{737DF2CE-72E5-4AC0-9B1B-635D9C3F2E34}"
EndProject
Global
	GlobalSection(SolutionConfigurationPlatforms) = preSolution
		Debug|Any CPU = Debug|Any CPU
		Release|Any CPU = Release|Any CPU
	EndGlobalSection
	GlobalSection(ProjectConfigurationPlatforms) = postSolution
		{737DF2CE-72E5-4AC0-9B1B-635D9C3F2E34}.Debug|Any CPU.ActiveCfg = Debug|Any CPU
		{737DF2CE-72E5-4AC0-9B1B-635D9C3F2E34}.Debug|Any CPU.Build.0 = Debug|Any CPU
		{737DF2CE-72E5-4AC0-9B1B-635D9C3F2E34}.Release|Any CPU.ActiveCfg = Release|Any CPU
		{737DF2CE-72E5-4AC0-9B1B-635D9C3F2E34}.Release|Any CPU.Build.0 = Release|Any CPU
	EndGlobalSection
	GlobalSection(SolutionProperties) = preSolution
		HideSolutionNode = FALSE
	EndGlobalSection
	GlobalSection(ExtensibilityGlobals) = postSolution
		SolutionGuid = {C8022080-27E4-473F-8D56-163DF4C0E0B2}
	EndGlobalSection
EndGlobal
